
Microsoft Visual Studio Solution File, Format Version 12.00
# Visual Studio Version 17
VisualStudioVersion = 17.11.35303.130
MinimumVisualStudioVersion = 10.0.40219.1
Project("{FAE04EC0-301F-11D3-BF4B-00C04F79EFBC}") = "MatrixVariant4", "MatrixVariant4.csproj", "{16871D02-3ADD-437B-BBF0-E6AF8C43EBE6}"
EndProject
Project("{FAE04EC0-301F-11D3-BF4B-00C04F79EFBC}") = "MatrixTestsVariant4", "..\MatrixTestsVariant4\MatrixTestsVariant4.csproj", "{AD029CC0-A974-47D6-B555-B1E4ABE67D69}"
EndProject
Global
	GlobalSection(SolutionConfigurationPlatforms) = preSolution
		Debug|Any CPU = Debug|Any CPU
		Release|Any CPU = Release|Any CPU
	EndGlobalSection
	GlobalSection(ProjectConfigurationPlatforms) = postSolution
		{16871D02-3ADD-437B-BBF0-E6AF8C43EBE6}.Debug|Any CPU.ActiveCfg = Debug|Any CPU
		{16871D02-3ADD-437B-BBF0-E6AF8C43EBE6}.Debug|Any CPU.Build.0 = Debug|Any CPU
		{16871D02-3ADD-437B-BBF0-E6AF8C43EBE6}.Release|Any CPU.ActiveCfg = Release|Any CPU
		{16871D02-3ADD-437B-BBF0-E6AF8C43EBE6}.Release|Any CPU.Build.0 = Release|Any CPU
		{AD029CC0-A974-47D6-B555-B1E4ABE67D69}.Debug|Any CPU.ActiveCfg = Debug|Any CPU
		{AD029CC0-A974-47D6-B555-B1E4ABE67D69}.Debug|Any CPU.Build.0 = Debug|Any CPU
		{AD029CC0-A974-47D6-B555-B1E4ABE67D69}.Release|Any CPU.ActiveCfg = Release|Any CPU
		{AD029CC0-A974-47D6-B555-B1E4ABE67D69}.Release|Any CPU.Build.0 = Release|Any CPU
	EndGlobalSection
	GlobalSection(SolutionProperties) = preSolution
		HideSolutionNode = FALSE
	EndGlobalSection
	GlobalSection(ExtensibilityGlobals) = postSolution
		SolutionGuid = {8227FD92-6527-4E49-869A-F081DDBD390B}
	EndGlobalSection
EndGlobal
